
Microsoft Visual Studio Solution File, Format Version 12.00
# Visual Studio 15
VisualStudioVersion = 15.0.28307.572
MinimumVisualStudioVersion = 10.0.40219.1
Project("{FAE04EC0-301F-11D3-BF4B-00C04F79EFBC}") = "AlarmGenerator", "AlarmGenerator\AlarmGenerator.csproj", "{3895DC35-85C4-42C5-9453-1EB1E86767FD}"
EndProject
Global
	GlobalSection(SolutionConfigurationPlatforms) = preSolution
		Debug|Any CPU = Debug|Any CPU
		Release|Any CPU = Release|Any CPU
	EndGlobalSection
	GlobalSection(ProjectConfigurationPlatforms) = postSolution
		{3895DC35-85C4-42C5-9453-1EB1E86767FD}.Debug|Any CPU.ActiveCfg = Debug|Any CPU
		{3895DC35-85C4-42C5-9453-1EB1E86767FD}.Debug|Any CPU.Build.0 = Debug|Any CPU
		{3895DC35-85C4-42C5-9453-1EB1E86767FD}.Release|Any CPU.ActiveCfg = Release|Any CPU
		{3895DC35-85C4-42C5-9453-1EB1E86767FD}.Release|Any CPU.Build.0 = Release|Any CPU
	EndGlobalSection
	GlobalSection(SolutionProperties) = preSolution
		HideSolutionNode = FALSE
	EndGlobalSection
	GlobalSection(ExtensibilityGlobals) = postSolution
		SolutionGuid = {E38BB1E9-D279-4618-B7BB-C942C3419585}
	EndGlobalSection
EndGlobal
